
Microsoft Visual Studio Solution File, Format Version 12.00
# Visual Studio Version 17
VisualStudioVersion = 17.14.36705.20
MinimumVisualStudioVersion = 10.0.40219.1
Project("{FAE04EC0-301F-11D3-BF4B-00C04F79EFBC}") = "MySampleApp", "MySampleApp\MySampleApp.csproj", "{60C8F0BF-3B93-47ED-8167-3967C4AAD6CF}"
EndProject
Project("{FAE04EC0-301F-11D3-BF4B-00C04F79EFBC}") = "SimpleAnalyzer", "SimpleAnalyzer\SimpleAnalyzer.csproj", "{478F7816-D0F6-4381-A8FF-735C2E34ACD5}"
EndProject
Project("{FAE04EC0-301F-11D3-BF4B-00C04F79EFBC}") = "MySampleApp.Analyzer", "MySampleApp.Analyzer\MySampleApp.Analyzer.csproj", "{3763B5F8-8363-487E-AF97-F18376FA994A}"
EndProject
Global
	GlobalSection(SolutionConfigurationPlatforms) = preSolution
		Debug|Any CPU = Debug|Any CPU
		Release|Any CPU = Release|Any CPU
	EndGlobalSection
	GlobalSection(ProjectConfigurationPlatforms) = postSolution
		{60C8F0BF-3B93-47ED-8167-3967C4AAD6CF}.Debug|Any CPU.ActiveCfg = Debug|Any CPU
		{60C8F0BF-3B93-47ED-8167-3967C4AAD6CF}.Debug|Any CPU.Build.0 = Debug|Any CPU
		{60C8F0BF-3B93-47ED-8167-3967C4AAD6CF}.Release|Any CPU.ActiveCfg = Release|Any CPU
		{60C8F0BF-3B93-47ED-8167-3967C4AAD6CF}.Release|Any CPU.Build.0 = Release|Any CPU
		{478F7816-D0F6-4381-A8FF-735C2E34ACD5}.Debug|Any CPU.ActiveCfg = Debug|Any CPU
		{478F7816-D0F6-4381-A8FF-735C2E34ACD5}.Debug|Any CPU.Build.0 = Debug|Any CPU
		{478F7816-D0F6-4381-A8FF-735C2E34ACD5}.Release|Any CPU.ActiveCfg = Release|Any CPU
		{478F7816-D0F6-4381-A8FF-735C2E34ACD5}.Release|Any CPU.Build.0 = Release|Any CPU
		{3763B5F8-8363-487E-AF97-F18376FA994A}.Debug|Any CPU.ActiveCfg = Debug|Any CPU
		{3763B5F8-8363-487E-AF97-F18376FA994A}.Debug|Any CPU.Build.0 = Debug|Any CPU
		{3763B5F8-8363-487E-AF97-F18376FA994A}.Release|Any CPU.ActiveCfg = Release|Any CPU
		{3763B5F8-8363-487E-AF97-F18376FA994A}.Release|Any CPU.Build.0 = Release|Any CPU
	EndGlobalSection
	GlobalSection(SolutionProperties) = preSolution
		HideSolutionNode = FALSE
	EndGlobalSection
	GlobalSection(ExtensibilityGlobals) = postSolution
		SolutionGuid = {E2B165C2-9B92-4B2B-AED5-6861E4B39FB4}
	EndGlobalSection
EndGlobal
